
Microsoft Visual Studio Solution File, Format Version 12.00
Project("{2150E333-8FDC-42A3-9474-1A3956D46DE8}") = "Shop.API", "Shop.API", "{FD81BB97-F150-4510-A99C-3466968B6623}"
EndProject
Project("{2150E333-8FDC-42A3-9474-1A3956D46DE8}") = "Shop.Application", "Shop.Application", "{6C4A3115-4D86-4E1B-91A5-66A841477D9D}"
EndProject
Project("{2150E333-8FDC-42A3-9474-1A3956D46DE8}") = "Shop.Domain", "Shop.Domain", "{C3687806-9D71-4426-A59D-5E238AC26BA0}"
EndProject
Project("{2150E333-8FDC-42A3-9474-1A3956D46DE8}") = "Shop.Infrastructure", "Shop.Infrastructure", "{705C094D-0EB4-45C3-8CB7-73C1BCF7AC22}"
EndProject
Project("{2150E333-8FDC-42A3-9474-1A3956D46DE8}") = "Shop.Contracts", "Shop.Contracts", "{EC3B93F1-0CC6-4912-B57F-2F3E5113DCC6}"
EndProject
Project("{2150E333-8FDC-42A3-9474-1A3956D46DE8}") = "src", "src", "{67421AF2-55CA-4291-B490-150B98D3C68D}"
EndProject
Project("{2150E333-8FDC-42A3-9474-1A3956D46DE8}") = "tests", "tests", "{CFBF83FA-756E-4D2A-8421-93C7BCF92920}"
EndProject
Project("{2150E333-8FDC-42A3-9474-1A3956D46DE8}") = "Shop.Tests", "Shop.Tests", "{C65EAB7C-0808-49B0-9594-FC14A37F480E}"
EndProject
Global
	GlobalSection(SolutionConfigurationPlatforms) = preSolution
		Debug|Any CPU = Debug|Any CPU
		Release|Any CPU = Release|Any CPU
	EndGlobalSection
	GlobalSection(ProjectConfigurationPlatforms) = postSolution
	EndGlobalSection
	GlobalSection(NestedProjects) = preSolution
		{FD81BB97-F150-4510-A99C-3466968B6623} = {67421AF2-55CA-4291-B490-150B98D3C68D}
		{6C4A3115-4D86-4E1B-91A5-66A841477D9D} = {67421AF2-55CA-4291-B490-150B98D3C68D}
		{EC3B93F1-0CC6-4912-B57F-2F3E5113DCC6} = {67421AF2-55CA-4291-B490-150B98D3C68D}
		{C3687806-9D71-4426-A59D-5E238AC26BA0} = {67421AF2-55CA-4291-B490-150B98D3C68D}
		{705C094D-0EB4-45C3-8CB7-73C1BCF7AC22} = {67421AF2-55CA-4291-B490-150B98D3C68D}
		{C65EAB7C-0808-49B0-9594-FC14A37F480E} = {CFBF83FA-756E-4D2A-8421-93C7BCF92920}
	EndGlobalSection
EndGlobal
