
Microsoft Visual Studio Solution File, Format Version 12.00
Project("{2150E333-8FDC-42A3-9474-1A3956D46DE8}") = "src", "src", "{67421AF2-55CA-4291-B490-150B98D3C68D}"
EndProject
Project("{2150E333-8FDC-42A3-9474-1A3956D46DE8}") = "tests", "tests", "{CFBF83FA-756E-4D2A-8421-93C7BCF92920}"
EndProject
Project("{2150E333-8FDC-42A3-9474-1A3956D46DE8}") = "Shop.Tests", "Shop.Tests", "{C65EAB7C-0808-49B0-9594-FC14A37F480E}"
EndProject
Project("{FAE04EC0-301F-11D3-BF4B-00C04F79EFBC}") = "Shop.Application", "Shop.Application\Shop.Application.csproj", "{07B587C8-590D-43DD-BB97-62109F1E0B1B}"
EndProject
Project("{FAE04EC0-301F-11D3-BF4B-00C04F79EFBC}") = "Shop.Domain", "Shop.Domain\Shop.Domain.csproj", "{4241E4D7-5DEB-4AEA-B5E3-4408B87F74B5}"
EndProject
Project("{FAE04EC0-301F-11D3-BF4B-00C04F79EFBC}") = "Shop.Infrastructure", "Shop.Infrastructure\Shop.Infrastructure.csproj", "{C19362AE-856C-4E9B-B196-701CC88298FD}"
EndProject
Project("{FAE04EC0-301F-11D3-BF4B-00C04F79EFBC}") = "Shop.Contracts", "Shop.Contracts\Shop.Contracts.csproj", "{B211C9F3-7497-4F53-91DB-DA69AC986E93}"
EndProject
Project("{FAE04EC0-301F-11D3-BF4B-00C04F79EFBC}") = "Shop.API", "Shop.API\Shop.API.csproj", "{AA57B0FC-ADA1-40B6-B655-3044D48241EA}"
EndProject
Global
	GlobalSection(SolutionConfigurationPlatforms) = preSolution
		Debug|Any CPU = Debug|Any CPU
		Release|Any CPU = Release|Any CPU
	EndGlobalSection
	GlobalSection(ProjectConfigurationPlatforms) = postSolution
		{07B587C8-590D-43DD-BB97-62109F1E0B1B}.Debug|Any CPU.ActiveCfg = Debug|Any CPU
		{07B587C8-590D-43DD-BB97-62109F1E0B1B}.Debug|Any CPU.Build.0 = Debug|Any CPU
		{07B587C8-590D-43DD-BB97-62109F1E0B1B}.Release|Any CPU.ActiveCfg = Release|Any CPU
		{07B587C8-590D-43DD-BB97-62109F1E0B1B}.Release|Any CPU.Build.0 = Release|Any CPU
		{4241E4D7-5DEB-4AEA-B5E3-4408B87F74B5}.Debug|Any CPU.ActiveCfg = Debug|Any CPU
		{4241E4D7-5DEB-4AEA-B5E3-4408B87F74B5}.Debug|Any CPU.Build.0 = Debug|Any CPU
		{4241E4D7-5DEB-4AEA-B5E3-4408B87F74B5}.Release|Any CPU.ActiveCfg = Release|Any CPU
		{4241E4D7-5DEB-4AEA-B5E3-4408B87F74B5}.Release|Any CPU.Build.0 = Release|Any CPU
		{C19362AE-856C-4E9B-B196-701CC88298FD}.Debug|Any CPU.ActiveCfg = Debug|Any CPU
		{C19362AE-856C-4E9B-B196-701CC88298FD}.Debug|Any CPU.Build.0 = Debug|Any CPU
		{C19362AE-856C-4E9B-B196-701CC88298FD}.Release|Any CPU.ActiveCfg = Release|Any CPU
		{C19362AE-856C-4E9B-B196-701CC88298FD}.Release|Any CPU.Build.0 = Release|Any CPU
		{B211C9F3-7497-4F53-91DB-DA69AC986E93}.Debug|Any CPU.ActiveCfg = Debug|Any CPU
		{B211C9F3-7497-4F53-91DB-DA69AC986E93}.Debug|Any CPU.Build.0 = Debug|Any CPU
		{B211C9F3-7497-4F53-91DB-DA69AC986E93}.Release|Any CPU.ActiveCfg = Release|Any CPU
		{B211C9F3-7497-4F53-91DB-DA69AC986E93}.Release|Any CPU.Build.0 = Release|Any CPU
		{AA57B0FC-ADA1-40B6-B655-3044D48241EA}.Debug|Any CPU.ActiveCfg = Debug|Any CPU
		{AA57B0FC-ADA1-40B6-B655-3044D48241EA}.Debug|Any CPU.Build.0 = Debug|Any CPU
		{AA57B0FC-ADA1-40B6-B655-3044D48241EA}.Release|Any CPU.ActiveCfg = Release|Any CPU
		{AA57B0FC-ADA1-40B6-B655-3044D48241EA}.Release|Any CPU.Build.0 = Release|Any CPU
	EndGlobalSection
	GlobalSection(NestedProjects) = preSolution
		{C65EAB7C-0808-49B0-9594-FC14A37F480E} = {CFBF83FA-756E-4D2A-8421-93C7BCF92920}
		{07B587C8-590D-43DD-BB97-62109F1E0B1B} = {67421AF2-55CA-4291-B490-150B98D3C68D}
		{4241E4D7-5DEB-4AEA-B5E3-4408B87F74B5} = {67421AF2-55CA-4291-B490-150B98D3C68D}
		{C19362AE-856C-4E9B-B196-701CC88298FD} = {67421AF2-55CA-4291-B490-150B98D3C68D}
		{B211C9F3-7497-4F53-91DB-DA69AC986E93} = {67421AF2-55CA-4291-B490-150B98D3C68D}
		{AA57B0FC-ADA1-40B6-B655-3044D48241EA} = {67421AF2-55CA-4291-B490-150B98D3C68D}
	EndGlobalSection
EndGlobal
